{"is_source_file": true, "file_id": 25, "git_revision": "43e0f3afd06dd7f9589c6dab196b905a0a3ce6c6", "state": 1, "description": "", "external_files": [], "external_methods": [], "published": [], "classes": [], "methods": [], "calls": [], "search-terms": [], "filename": "/home/kavia/workspace/code-generation/healthtrack-pro-94149-94155/main_container_for_healthtrack_pro/post_process_status.lock", "hash": "e9b4c3b42cef0193b7fddb548d37e652", "format-version": 4, "code-base-name": "default", "knowledge_revision": 53}